
Microsoft Visual Studio Solution File, Format Version 12.00
# Visual Studio Version 16
VisualStudioVersion = 16.0.30907.101
MinimumVisualStudioVersion = 10.0.40219.1
Project("{9A19103F-16F7-4668-BE54-9A1E7A4F7556}") = "Entity", "Entity\Entity.csproj", "{213BD3C6-50AD-4873-9BDD-7EFD58FF2C4D}"
EndProject
Project("{9A19103F-16F7-4668-BE54-9A1E7A4F7556}") = "DataAccess", "DataAccess\DataAccess.csproj", "{99E4E8D4-FAD0-4863-A21C-964691C29A24}"
EndProject
Project("{9A19103F-16F7-4668-BE54-9A1E7A4F7556}") = "Business", "Business\Business.csproj", "{43E01A00-1F18-492F-A3E2-945647AAC833}"
EndProject
Project("{9A19103F-16F7-4668-BE54-9A1E7A4F7556}") = "Core", "Core\Core.csproj", "{310E8C65-A981-4031-AE3F-3EF435ECA768}"
EndProject
Project("{FAE04EC0-301F-11D3-BF4B-00C04F79EFBC}") = "ConsoleUI1", "ConsoleUI1\ConsoleUI1.csproj", "{BF81804B-6379-44A0-BFC6-17477B9780D4}"
EndProject
Global
	GlobalSection(SolutionConfigurationPlatforms) = preSolution
		Debug|Any CPU = Debug|Any CPU
		Release|Any CPU = Release|Any CPU
	EndGlobalSection
	GlobalSection(ProjectConfigurationPlatforms) = postSolution
		{213BD3C6-50AD-4873-9BDD-7EFD58FF2C4D}.Debug|Any CPU.ActiveCfg = Debug|Any CPU
		{213BD3C6-50AD-4873-9BDD-7EFD58FF2C4D}.Debug|Any CPU.Build.0 = Debug|Any CPU
		{213BD3C6-50AD-4873-9BDD-7EFD58FF2C4D}.Release|Any CPU.ActiveCfg = Release|Any CPU
		{213BD3C6-50AD-4873-9BDD-7EFD58FF2C4D}.Release|Any CPU.Build.0 = Release|Any CPU
		{99E4E8D4-FAD0-4863-A21C-964691C29A24}.Debug|Any CPU.ActiveCfg = Debug|Any CPU
		{99E4E8D4-FAD0-4863-A21C-964691C29A24}.Debug|Any CPU.Build.0 = Debug|Any CPU
		{99E4E8D4-FAD0-4863-A21C-964691C29A24}.Release|Any CPU.ActiveCfg = Release|Any CPU
		{99E4E8D4-FAD0-4863-A21C-964691C29A24}.Release|Any CPU.Build.0 = Release|Any CPU
		{43E01A00-1F18-492F-A3E2-945647AAC833}.Debug|Any CPU.ActiveCfg = Debug|Any CPU
		{43E01A00-1F18-492F-A3E2-945647AAC833}.Debug|Any CPU.Build.0 = Debug|Any CPU
		{43E01A00-1F18-492F-A3E2-945647AAC833}.Release|Any CPU.ActiveCfg = Release|Any CPU
		{43E01A00-1F18-492F-A3E2-945647AAC833}.Release|Any CPU.Build.0 = Release|Any CPU
		{310E8C65-A981-4031-AE3F-3EF435ECA768}.Debug|Any CPU.ActiveCfg = Debug|Any CPU
		{310E8C65-A981-4031-AE3F-3EF435ECA768}.Debug|Any CPU.Build.0 = Debug|Any CPU
		{310E8C65-A981-4031-AE3F-3EF435ECA768}.Release|Any CPU.ActiveCfg = Release|Any CPU
		{310E8C65-A981-4031-AE3F-3EF435ECA768}.Release|Any CPU.Build.0 = Release|Any CPU
		{BF81804B-6379-44A0-BFC6-17477B9780D4}.Debug|Any CPU.ActiveCfg = Debug|Any CPU
		{BF81804B-6379-44A0-BFC6-17477B9780D4}.Debug|Any CPU.Build.0 = Debug|Any CPU
		{BF81804B-6379-44A0-BFC6-17477B9780D4}.Release|Any CPU.ActiveCfg = Release|Any CPU
		{BF81804B-6379-44A0-BFC6-17477B9780D4}.Release|Any CPU.Build.0 = Release|Any CPU
	EndGlobalSection
	GlobalSection(SolutionProperties) = preSolution
		HideSolutionNode = FALSE
	EndGlobalSection
	GlobalSection(ExtensibilityGlobals) = postSolution
		SolutionGuid = {A670893F-5144-4717-9CE5-0CD7CCBEF15D}
	EndGlobalSection
EndGlobal
